
Microsoft Visual Studio Solution File, Format Version 12.00
# Visual Studio 15
VisualStudioVersion = 15.0.28307.168
MinimumVisualStudioVersion = 10.0.40219.1
Project("{FAE04EC0-301F-11D3-BF4B-00C04F79EFBC}") = "WebAssignment", "WebAssignment\WebAssignment.csproj", "{1D50BCE5-27B9-4E73-8FB0-8806BC0F8BCE}"
EndProject
Global
	GlobalSection(SolutionConfigurationPlatforms) = preSolution
		Debug|Any CPU = Debug|Any CPU
		Release|Any CPU = Release|Any CPU
	EndGlobalSection
	GlobalSection(ProjectConfigurationPlatforms) = postSolution
		{1D50BCE5-27B9-4E73-8FB0-8806BC0F8BCE}.Debug|Any CPU.ActiveCfg = Debug|Any CPU
		{1D50BCE5-27B9-4E73-8FB0-8806BC0F8BCE}.Debug|Any CPU.Build.0 = Debug|Any CPU
		{1D50BCE5-27B9-4E73-8FB0-8806BC0F8BCE}.Release|Any CPU.ActiveCfg = Release|Any CPU
		{1D50BCE5-27B9-4E73-8FB0-8806BC0F8BCE}.Release|Any CPU.Build.0 = Release|Any CPU
	EndGlobalSection
	GlobalSection(SolutionProperties) = preSolution
		HideSolutionNode = FALSE
	EndGlobalSection
	GlobalSection(ExtensibilityGlobals) = postSolution
		SolutionGuid = {2FFE74BD-1647-4611-BCE8-31E4F24ECF17}
	EndGlobalSection
EndGlobal
